
Microsoft Visual Studio Solution File, Format Version 12.00
# Visual Studio Version 17
VisualStudioVersion = 17.9.34701.34
MinimumVisualStudioVersion = 10.0.40219.1
Project("{9092AA53-FB77-4645-B42D-1CCCA6BD08BD}") = "NodejsConsoleApp1", "NodejsConsoleApp1\NodejsConsoleApp1.njsproj", "{229BF0E6-85B7-4897-978A-5E6431742F88}"
EndProject
Global
	GlobalSection(SolutionConfigurationPlatforms) = preSolution
		Debug|Any CPU = Debug|Any CPU
		Release|Any CPU = Release|Any CPU
	EndGlobalSection
	GlobalSection(ProjectConfigurationPlatforms) = postSolution
		{229BF0E6-85B7-4897-978A-5E6431742F88}.Debug|Any CPU.ActiveCfg = Debug|Any CPU
		{229BF0E6-85B7-4897-978A-5E6431742F88}.Debug|Any CPU.Build.0 = Debug|Any CPU
		{229BF0E6-85B7-4897-978A-5E6431742F88}.Release|Any CPU.ActiveCfg = Release|Any CPU
		{229BF0E6-85B7-4897-978A-5E6431742F88}.Release|Any CPU.Build.0 = Release|Any CPU
	EndGlobalSection
	GlobalSection(SolutionProperties) = preSolution
		HideSolutionNode = FALSE
	EndGlobalSection
	GlobalSection(ExtensibilityGlobals) = postSolution
		SolutionGuid = {33CF1D81-C00E-4045-A9AE-0C235DCE8C46}
	EndGlobalSection
EndGlobal
